
Microsoft Visual Studio Solution File, Format Version 12.00
# Visual Studio Version 17
VisualStudioVersion = 17.11.35327.3
MinimumVisualStudioVersion = 10.0.40219.1
Project("{FAE04EC0-301F-11D3-BF4B-00C04F79EFBC}") = "Pacman_A2", "Pacman_A2.csproj", "{D075F1C2-9589-4D9E-ACD4-2D177C951C9B}"
EndProject
Global
	GlobalSection(SolutionConfigurationPlatforms) = preSolution
		Debug|Any CPU = Debug|Any CPU
		Release|Any CPU = Release|Any CPU
	EndGlobalSection
	GlobalSection(ProjectConfigurationPlatforms) = postSolution
		{D075F1C2-9589-4D9E-ACD4-2D177C951C9B}.Debug|Any CPU.ActiveCfg = Debug|Any CPU
		{D075F1C2-9589-4D9E-ACD4-2D177C951C9B}.Debug|Any CPU.Build.0 = Debug|Any CPU
		{D075F1C2-9589-4D9E-ACD4-2D177C951C9B}.Release|Any CPU.ActiveCfg = Release|Any CPU
		{D075F1C2-9589-4D9E-ACD4-2D177C951C9B}.Release|Any CPU.Build.0 = Release|Any CPU
	EndGlobalSection
	GlobalSection(SolutionProperties) = preSolution
		HideSolutionNode = FALSE
	EndGlobalSection
	GlobalSection(ExtensibilityGlobals) = postSolution
		SolutionGuid = {F97A29FE-D35E-477D-946F-E1380E81236B}
	EndGlobalSection
EndGlobal
